
Microsoft Visual Studio Solution File, Format Version 12.00
# Visual Studio Version 16
VisualStudioVersion = 16.0.31410.357
MinimumVisualStudioVersion = 10.0.40219.1
Project("{FAE04EC0-301F-11D3-BF4B-00C04F79EFBC}") = "GlossaryApp", "GlossaryApp\GlossaryApp.csproj", "{29667D58-C9BB-4BDF-9C96-F1F3A6D91406}"
EndProject
Global
	GlobalSection(SolutionConfigurationPlatforms) = preSolution
		Debug|Any CPU = Debug|Any CPU
		Release|Any CPU = Release|Any CPU
	EndGlobalSection
	GlobalSection(ProjectConfigurationPlatforms) = postSolution
		{29667D58-C9BB-4BDF-9C96-F1F3A6D91406}.Debug|Any CPU.ActiveCfg = Debug|Any CPU
		{29667D58-C9BB-4BDF-9C96-F1F3A6D91406}.Debug|Any CPU.Build.0 = Debug|Any CPU
		{29667D58-C9BB-4BDF-9C96-F1F3A6D91406}.Release|Any CPU.ActiveCfg = Release|Any CPU
		{29667D58-C9BB-4BDF-9C96-F1F3A6D91406}.Release|Any CPU.Build.0 = Release|Any CPU
	EndGlobalSection
	GlobalSection(SolutionProperties) = preSolution
		HideSolutionNode = FALSE
	EndGlobalSection
	GlobalSection(ExtensibilityGlobals) = postSolution
		SolutionGuid = {233362C2-7150-4ABC-98FA-BEFD4B8A848D}
	EndGlobalSection
EndGlobal
